
Microsoft Visual Studio Solution File, Format Version 12.00
# Visual Studio Version 17
VisualStudioVersion = 17.14.37111.16 d17.14
MinimumVisualStudioVersion = 10.0.40219.1
Project("{FAE04EC0-301F-11D3-BF4B-00C04F79EFBC}") = "Project1", "Project1\Project1.csproj", "{A62EEE0C-D86B-4095-B265-47B61D42D386}"
EndProject
Global
	GlobalSection(SolutionConfigurationPlatforms) = preSolution
		Debug|Any CPU = Debug|Any CPU
		Release|Any CPU = Release|Any CPU
	EndGlobalSection
	GlobalSection(ProjectConfigurationPlatforms) = postSolution
		{A62EEE0C-D86B-4095-B265-47B61D42D386}.Debug|Any CPU.ActiveCfg = Debug|Any CPU
		{A62EEE0C-D86B-4095-B265-47B61D42D386}.Debug|Any CPU.Build.0 = Debug|Any CPU
		{A62EEE0C-D86B-4095-B265-47B61D42D386}.Release|Any CPU.ActiveCfg = Release|Any CPU
		{A62EEE0C-D86B-4095-B265-47B61D42D386}.Release|Any CPU.Build.0 = Release|Any CPU
	EndGlobalSection
	GlobalSection(SolutionProperties) = preSolution
		HideSolutionNode = FALSE
	EndGlobalSection
	GlobalSection(ExtensibilityGlobals) = postSolution
		SolutionGuid = {B700D8A1-DCCD-43F6-89CA-D5D6AC5BCD6B}
	EndGlobalSection
EndGlobal
